
Microsoft Visual Studio Solution File, Format Version 12.00
# Visual Studio Version 17
VisualStudioVersion = 17.10.35027.167
MinimumVisualStudioVersion = 10.0.40219.1
Project("{FAE04EC0-301F-11D3-BF4B-00C04F79EFBC}") = "AccountRegistrationn", "AccountRegistrationn\AccountRegistrationn.csproj", "{F6667D16-0294-4F1D-B6C4-847CDE4A4ECE}"
EndProject
Global
	GlobalSection(SolutionConfigurationPlatforms) = preSolution
		Debug|Any CPU = Debug|Any CPU
		Release|Any CPU = Release|Any CPU
	EndGlobalSection
	GlobalSection(ProjectConfigurationPlatforms) = postSolution
		{F6667D16-0294-4F1D-B6C4-847CDE4A4ECE}.Debug|Any CPU.ActiveCfg = Debug|Any CPU
		{F6667D16-0294-4F1D-B6C4-847CDE4A4ECE}.Debug|Any CPU.Build.0 = Debug|Any CPU
		{F6667D16-0294-4F1D-B6C4-847CDE4A4ECE}.Release|Any CPU.ActiveCfg = Release|Any CPU
		{F6667D16-0294-4F1D-B6C4-847CDE4A4ECE}.Release|Any CPU.Build.0 = Release|Any CPU
	EndGlobalSection
	GlobalSection(SolutionProperties) = preSolution
		HideSolutionNode = FALSE
	EndGlobalSection
	GlobalSection(ExtensibilityGlobals) = postSolution
		SolutionGuid = {496CFC75-5E86-4643-9683-91C35431B08D}
	EndGlobalSection
EndGlobal
